[root]
name = "cargo-lock-example"
version = "0.1.0"

[[package]]
name = "bitswap"
version = "1.0.3"
source = "registry+https://github.com/rust-lang/crates.io-index"
checksum = "sha256:XXXXXXXXXXXXXXXXXXXXXXXXXXXXXXXXXXXXXXXXXXXXXXXXXXXXXXXXXXXX"
dependencies = [
  "futures 0.3.17 (registry+https://github.com/rust-lang/crates.io-index)",
  "tokio 1.10.0 (registry+https://github.com/rust-lang/crates.io-index)",
]

[[package]]
name = "rgb-core"
version = "0.10.4"
source = "registry+https://github.com/rust-lang/crates.io-index"
checksum = "sha256:XXXXXXXXXXXXXXXXXXXXXXXXXXXXXXXXXXXXXXXXXXXXXXXXXXXXXXXXXXXX"

[[package]]
name = "rgb-lighting-sample"
version = "0.1.0"
source = "registry+https://github.com/rust-lang/crates.io-index"
checksum = "sha256:XXXXXXXXXXXXXXXXXXXXXXXXXXXXXXXXXXXXXXXXXXXXXXXXXXXXXXXXXXXX"
dependencies = [
  "bitswap 1.0.3 (registry+https://github.com/rust-lang/crates.io-index)",
  "rgb-core 0.10.4 (registry+https://github.com/rust-lang/crates.io-index)",
]

[[package]]
name = "rust-dlc"
version = "0.4.0"
source = "registry+https://github.com/rust-lang/crates.io-index"
checksum = "sha256:XXXXXXXXXXXXXXXXXXXXXXXXXXXXXXXXXXXXXXXXXXXXXXXXXXXXXXXXXXXX"
