[package]
name = "Bitdex"
version = "1.0.0"
authors = ["Rsync"]
description = "Exchange decentralized on RGB"
repository = "https://github.com/AreaLayer/Bitdex"
homepage = ""
keywords = ["bitcoin", "lightning", "rgb", "smart-contracts", "lnp-bp"]
categories = ["cryptography::cryptocurrencies"]
readme = "README.md"
license = "MIT"
edition = "2021"
rust-version = "1.66.0"
exclude = [".github"]
